---
ID: "78c4a5b6-c64f-466c-bd1b-6caf7ad6f450"
Parent: "a5088091-53af-449a-aab5-640e47cfe937"
Template: "2a3e91a0-7987-44b5-ab34-35c2d9de83b9"
Path: /sitecore/layout/Renderings/Feature/MyProject/Article Block
SharedFields:
- ID: "06d5295c-ed2f-4a54-9bf2-26228d113318"
  Hint: __Icon
  Value: apps/32x32/chats.png
Languages:
- Language: en
  Versions:
  - Version: 1
    Fields:
    - ID: "25bed78c-4957-4165-998a-ca1b52f67497"
      Hint: __Created
      Value: 20210611T140709Z
    - ID: "8cdc337e-a112-42fb-bbb4-4143751e123f"
      Hint: __Revision
      Value: "f4bd0c4c-95d3-4965-a593-8a9d0b7cabcd"
    - ID: "badd9cf9-53e0-4d0c-bcc0-2d784c282f6a"
      Hint: __Updated by
      Value: |
        sitecore\Admin
    - ID: "d9cf14b1-fa16-4ba6-9288-e8a174d4d522"
      Hint: __Updated
      Value: 20210611T140714Z
